# THIS IS AN AUTOGENERATED FILE. DO NOT EDIT THIS FILE DIRECTLY.
# yarn lockfile v1


"@firebase/ai@2.2.1":
  version "2.2.1"
  resolved "https://registry.yarnpkg.com/@firebase/ai/-/ai-2.2.1.tgz#fa3b15f4e50b4c0a9408fd3cbbaac32ee3442388"
  integrity sha512-0VWlkGB18oDhwMqsgxpt/usMsyjnH3a7hTvQPcAbk7VhFg0QZMDX60mQKfLTFKrB5VwmlaIdVsSZznsTY2S0wA==
  dependencies:
    "@firebase/app-check-interop-types" "0.3.3"
    "@firebase/component" "0.7.0"
    "@firebase/logger" "0.5.0"
    "@firebase/util" "1.13.0"
    tslib "^2.1.0"

"@firebase/analytics-compat@0.2.24":
  version "0.2.24"
  resolved "https://registry.yarnpkg.com/@firebase/analytics-compat/-/analytics-compat-0.2.24.tgz#806c34ddd5c4869006eead08bfde575972d73ce2"
  integrity sha512-jE+kJnPG86XSqGQGhXXYt1tpTbCTED8OQJ/PQ90SEw14CuxRxx/H+lFbWA1rlFtFSsTCptAJtgyRBwr/f00vsw==
  dependencies:
    "@firebase/analytics" "0.10.18"
    "@firebase/analytics-types" "0.8.3"
    "@firebase/component" "0.7.0"
    "@firebase/util" "1.13.0"
    tslib "^2.1.0"

"@firebase/analytics-types@0.8.3":
  version "0.8.3"
  resolved "https://registry.yarnpkg.com/@firebase/analytics-types/-/analytics-types-0.8.3.tgz#d08cd39a6209693ca2039ba7a81570dfa6c1518f"
  integrity sha512-VrIp/d8iq2g501qO46uGz3hjbDb8xzYMrbu8Tp0ovzIzrvJZ2fvmj649gTjge/b7cCCcjT0H37g1gVtlNhnkbg==

"@firebase/analytics@0.10.18":
  version "0.10.18"
  resolved "https://registry.yarnpkg.com/@firebase/analytics/-/analytics-0.10.18.tgz#930d43504a02fe0128a8d82f8c5361911b0dbd04"
  integrity sha512-iN7IgLvM06iFk8BeFoWqvVpRFW3Z70f+Qe2PfCJ7vPIgLPjHXDE774DhCT5Y2/ZU/ZbXPDPD60x/XPWEoZLNdg==
  dependencies:
    "@firebase/component" "0.7.0"
    "@firebase/installations" "0.6.19"
    "@firebase/logger" "0.5.0"
    "@firebase/util" "1.13.0"
    tslib "^2.1.0"

"@firebase/app-check-compat@0.4.0":
  version "0.4.0"
  resolved "https://registry.yarnpkg.com/@firebase/app-check-compat/-/app-check-compat-0.4.0.tgz#94ac0cf9f66cab1d81a7b14e0c151dcc2684bc95"
  integrity sha512-UfK2Q8RJNjYM/8MFORltZRG9lJj11k0nW84rrffiKvcJxLf1jf6IEjCIkCamykHE73C6BwqhVfhIBs69GXQV0g==
  dependencies:
    "@firebase/app-check" "0.11.0"
    "@firebase/app-check-types" "0.5.3"
    "@firebase/component" "0.7.0"
    "@firebase/logger" "0.5.0"
    "@firebase/util" "1.13.0"
    tslib "^2.1.0"

"@firebase/app-check-interop-types@0.3.3":
  version "0.3.3"
  resolved "https://registry.yarnpkg.com/@firebase/app-check-interop-types/-/app-check-interop-types-0.3.3.tgz#ed9c4a4f48d1395ef378f007476db3940aa5351a"
  integrity sha512-gAlxfPLT2j8bTI/qfe3ahl2I2YcBQ8cFIBdhAQA4I2f3TndcO+22YizyGYuttLHPQEpWkhmpFW60VCFEPg4g5A==

"@firebase/app-check-types@0.5.3":
  version "0.5.3"
  resolved "https://registry.yarnpkg.com/@firebase/app-check-types/-/app-check-types-0.5.3.tgz#38ba954acf4bffe451581a32fffa20337f11d8e5"
  integrity sha512-hyl5rKSj0QmwPdsAxrI5x1otDlByQ7bvNvVt8G/XPO2CSwE++rmSVf3VEhaeOR4J8ZFaF0Z0NDSmLejPweZ3ng==

"@firebase/app-check@0.11.0":
  version "0.11.0"
  resolved "https://registry.yarnpkg.com/@firebase/app-check/-/app-check-0.11.0.tgz#a7e1d1e3f5ae36eabed1455db937114fe869ce8f"
  integrity sha512-XAvALQayUMBJo58U/rxW02IhsesaxxfWVmVkauZvGEz3vOAjMEQnzFlyblqkc2iAaO82uJ2ZVyZv9XzPfxjJ6w==
  dependencies:
    "@firebase/component" "0.7.0"
    "@firebase/logger" "0.5.0"
    "@firebase/util" "1.13.0"
    tslib "^2.1.0"

"@firebase/app-compat@0.5.2":
  version "0.5.2"
  resolved "https://registry.yarnpkg.com/@firebase/app-compat/-/app-compat-0.5.2.tgz#142a1529dc8284b04c4e0fe0a4570b81fa06ec7a"
  integrity sha512-cn+U27GDaBS/irsbvrfnPZdcCzeZPRGKieSlyb7vV6LSOL6mdECnB86PgYjYGxSNg8+U48L/NeevTV1odU+mOQ==
  dependencies:
    "@firebase/app" "0.14.2"
    "@firebase/component" "0.7.0"
    "@firebase/logger" "0.5.0"
    "@firebase/util" "1.13.0"
    tslib "^2.1.0"

"@firebase/app-types@0.9.3":
  version "0.9.3"
  resolved "https://registry.yarnpkg.com/@firebase/app-types/-/app-types-0.9.3.tgz#8408219eae9b1fb74f86c24e7150a148460414ad"
  integrity sha512-kRVpIl4vVGJ4baogMDINbyrIOtOxqhkZQg4jTq3l8Lw6WSk0xfpEYzezFu+Kl4ve4fbPl79dvwRtaFqAC/ucCw==

"@firebase/app@0.14.2":
  version "0.14.2"
  resolved "https://registry.yarnpkg.com/@firebase/app/-/app-0.14.2.tgz#b97ca1a28d6a7bd0490af4c75005c1ba27228280"
  integrity sha512-Ecx2ig/JLC9ayIQwZHqm41Tzlf4c1WUuFhFUZB1y+JIJqDRE579x7Uil7tKT8MwDpOPwrK5ZtpxdSsrfy/LF8Q==
  dependencies:
    "@firebase/component" "0.7.0"
    "@firebase/logger" "0.5.0"
    "@firebase/util" "1.13.0"
    idb "7.1.1"
    tslib "^2.1.0"

"@firebase/auth-compat@0.6.0":
  version "0.6.0"
  resolved "https://registry.yarnpkg.com/@firebase/auth-compat/-/auth-compat-0.6.0.tgz#1464ea6049b2ad0aae83b4fdcd5e5e5aba6b1c50"
  integrity sha512-J0lGSxXlG/lYVi45wbpPhcWiWUMXevY4fvLZsN1GHh+po7TZVng+figdHBVhFheaiipU8HZyc7ljw1jNojM2nw==
  dependencies:
    "@firebase/auth" "1.11.0"
    "@firebase/auth-types" "0.13.0"
    "@firebase/component" "0.7.0"
    "@firebase/util" "1.13.0"
    tslib "^2.1.0"

"@firebase/auth-interop-types@0.2.4":
  version "0.2.4"
  resolved "https://registry.yarnpkg.com/@firebase/auth-interop-types/-/auth-interop-types-0.2.4.tgz#176a08686b0685596ff03d7879b7e4115af53de0"
  integrity sha512-JPgcXKCuO+CWqGDnigBtvo09HeBs5u/Ktc2GaFj2m01hLarbxthLNm7Fk8iOP1aqAtXV+fnnGj7U28xmk7IwVA==

"@firebase/auth-types@0.13.0":
  version "0.13.0"
  resolved "https://registry.yarnpkg.com/@firebase/auth-types/-/auth-types-0.13.0.tgz#ae6e0015e3bd4bfe18edd0942b48a0a118a098d9"
  integrity sha512-S/PuIjni0AQRLF+l9ck0YpsMOdE8GO2KU6ubmBB7P+7TJUCQDa3R1dlgYm9UzGbbePMZsp0xzB93f2b/CgxMOg==

"@firebase/auth@1.11.0":
  version "1.11.0"
  resolved "https://registry.yarnpkg.com/@firebase/auth/-/auth-1.11.0.tgz#81a4f77b16d97c502e493b2a14a97443e243a2a0"
  integrity sha512-5j7+ua93X+IRcJ1oMDTClTo85l7Xe40WSkoJ+shzPrX7OISlVWLdE1mKC57PSD+/LfAbdhJmvKixINBw2ESK6w==
  dependencies:
    "@firebase/component" "0.7.0"
    "@firebase/logger" "0.5.0"
    "@firebase/util" "1.13.0"
    tslib "^2.1.0"

"@firebase/component@0.7.0":
  version "0.7.0"
  resolved "https://registry.yarnpkg.com/@firebase/component/-/component-0.7.0.tgz#3736644fdb6d3572dceae7fdc1c35a8bd3819adc"
  integrity sha512-wR9En2A+WESUHexjmRHkqtaVH94WLNKt6rmeqZhSLBybg4Wyf0Umk04SZsS6sBq4102ZsDBFwoqMqJYj2IoDSg==
  dependencies:
    "@firebase/util" "1.13.0"
    tslib "^2.1.0"

"@firebase/data-connect@0.3.11":
  version "0.3.11"
  resolved "https://registry.yarnpkg.com/@firebase/data-connect/-/data-connect-0.3.11.tgz#60a7a9649e4aedd005546032466ef9abc0a544c1"
  integrity sha512-G258eLzAD6im9Bsw+Qm1Z+P4x0PGNQ45yeUuuqe5M9B1rn0RJvvsQCRHXgE52Z+n9+WX1OJd/crcuunvOGc7Vw==
  dependencies:
    "@firebase/auth-interop-types" "0.2.4"
    "@firebase/component" "0.7.0"
    "@firebase/logger" "0.5.0"
    "@firebase/util" "1.13.0"
    tslib "^2.1.0"

"@firebase/database-compat@2.1.0":
  version "2.1.0"
  resolved "https://registry.yarnpkg.com/@firebase/database-compat/-/database-compat-2.1.0.tgz#c64488d741c6da2ed8dcf02f2e433089dae2f590"
  integrity sha512-8nYc43RqxScsePVd1qe1xxvWNf0OBnbwHxmXJ7MHSuuTVYFO3eLyLW3PiCKJ9fHnmIz4p4LbieXwz+qtr9PZDg==
  dependencies:
    "@firebase/component" "0.7.0"
    "@firebase/database" "1.1.0"
    "@firebase/database-types" "1.0.16"
    "@firebase/logger" "0.5.0"
    "@firebase/util" "1.13.0"
    tslib "^2.1.0"

"@firebase/database-types@1.0.16":
  version "1.0.16"
  resolved "https://registry.yarnpkg.com/@firebase/database-types/-/database-types-1.0.16.tgz#262f54b8dbebbc46259757b3ba384224fb2ede48"
  integrity sha512-xkQLQfU5De7+SPhEGAXFBnDryUWhhlFXelEg2YeZOQMCdoe7dL64DDAd77SQsR+6uoXIZY5MB4y/inCs4GTfcw==
  dependencies:
    "@firebase/app-types" "0.9.3"
    "@firebase/util" "1.13.0"

"@firebase/database@1.1.0":
  version "1.1.0"
  resolved "https://registry.yarnpkg.com/@firebase/database/-/database-1.1.0.tgz#bdf60f1605079a87ceb2b5e30d90846e0bde294b"
  integrity sha512-gM6MJFae3pTyNLoc9VcJNuaUDej0ctdjn3cVtILo3D5lpp0dmUHHLFN/pUKe7ImyeB1KAvRlEYxvIHNF04Filg==
  dependencies:
    "@firebase/app-check-interop-types" "0.3.3"
    "@firebase/auth-interop-types" "0.2.4"
    "@firebase/component" "0.7.0"
    "@firebase/logger" "0.5.0"
    "@firebase/util" "1.13.0"
    faye-websocket "0.11.4"
    tslib "^2.1.0"

"@firebase/firestore-compat@0.4.1":
  version "0.4.1"
  resolved "https://registry.yarnpkg.com/@firebase/firestore-compat/-/firestore-compat-0.4.1.tgz#abcfc30bb8e71cc7d46b3a91003d35d31dca8217"
  integrity sha512-BjalPTDh/K0vmR/M/DE148dpIqbcfvtFVTietbUDWDWYIl9YH0TTVp/EwXRbZwswPxyjx4GdHW61GB2AYVz1SQ==
  dependencies:
    "@firebase/component" "0.7.0"
    "@firebase/firestore" "4.9.1"
    "@firebase/firestore-types" "3.0.3"
    "@firebase/util" "1.13.0"
    tslib "^2.1.0"

"@firebase/firestore-types@3.0.3":
  version "3.0.3"
  resolved "https://registry.yarnpkg.com/@firebase/firestore-types/-/firestore-types-3.0.3.tgz#7d0c3dd8850c0193d8f5ee0cc8f11961407742c1"
  integrity sha512-hD2jGdiWRxB/eZWF89xcK9gF8wvENDJkzpVFb4aGkzfEaKxVRD1kjz1t1Wj8VZEp2LCB53Yx1zD8mrhQu87R6Q==

"@firebase/firestore@4.9.1":
  version "4.9.1"
  resolved "https://registry.yarnpkg.com/@firebase/firestore/-/firestore-4.9.1.tgz#44baf1bd697f6ef5adbe8265774c978357340d85"
  integrity sha512-PYVUTkhC9y8pydrqC3O1Oc4AMfkGSWdmuH9xgPJjiEbpUIUPQ4J8wJhyuash+o2u+axmyNRFP8ULNUKb+WzBzQ==
  dependencies:
    "@firebase/component" "0.7.0"
    "@firebase/logger" "0.5.0"
    "@firebase/util" "1.13.0"
    "@firebase/webchannel-wrapper" "1.0.4"
    "@grpc/grpc-js" "~1.9.0"
    "@grpc/proto-loader" "^0.7.8"
    tslib "^2.1.0"

"@firebase/functions-compat@0.4.1":
  version "0.4.1"
  resolved "https://registry.yarnpkg.com/@firebase/functions-compat/-/functions-compat-0.4.1.tgz#b253b761845f0c82bbdf76ef59975978ed84eb65"
  integrity sha512-AxxUBXKuPrWaVNQ8o1cG1GaCAtXT8a0eaTDfqgS5VsRYLAR0ALcfqDLwo/QyijZj1w8Qf8n3Qrfy/+Im245hOQ==
  dependencies:
    "@firebase/component" "0.7.0"
    "@firebase/functions" "0.13.1"
    "@firebase/functions-types" "0.6.3"
    "@firebase/util" "1.13.0"
    tslib "^2.1.0"

"@firebase/functions-types@0.6.3":
  version "0.6.3"
  resolved "https://registry.yarnpkg.com/@firebase/functions-types/-/functions-types-0.6.3.tgz#f5faf770248b13f45d256f614230da6a11bfb654"
  integrity sha512-EZoDKQLUHFKNx6VLipQwrSMh01A1SaL3Wg6Hpi//x6/fJ6Ee4hrAeswK99I5Ht8roiniKHw4iO0B1Oxj5I4plg==

"@firebase/functions@0.13.1":
  version "0.13.1"
  resolved "https://registry.yarnpkg.com/@firebase/functions/-/functions-0.13.1.tgz#472e8456568689154b87a494ee8c10ee2e610d94"
  integrity sha512-sUeWSb0rw5T+6wuV2o9XNmh9yHxjFI9zVGFnjFi+n7drTEWpl7ZTz1nROgGrSu472r+LAaj+2YaSicD4R8wfbw==
  dependencies:
    "@firebase/app-check-interop-types" "0.3.3"
    "@firebase/auth-interop-types" "0.2.4"
    "@firebase/component" "0.7.0"
    "@firebase/messaging-interop-types" "0.2.3"
    "@firebase/util" "1.13.0"
    tslib "^2.1.0"

"@firebase/installations-compat@0.2.19":
  version "0.2.19"
  resolved "https://registry.yarnpkg.com/@firebase/installations-compat/-/installations-compat-0.2.19.tgz#4bc57c8c57d241eeca95900ff3033d6ec3dbcc7c"
  integrity sha512-khfzIY3EI5LePePo7vT19/VEIH1E3iYsHknI/6ek9T8QCozAZshWT9CjlwOzZrKvTHMeNcbpo/VSOSIWDSjWdQ==
  dependencies:
    "@firebase/component" "0.7.0"
    "@firebase/installations" "0.6.19"
    "@firebase/installations-types" "0.5.3"
    "@firebase/util" "1.13.0"
    tslib "^2.1.0"

"@firebase/installations-types@0.5.3":
  version "0.5.3"
  resolved "https://registry.yarnpkg.com/@firebase/installations-types/-/installations-types-0.5.3.tgz#cac8a14dd49f09174da9df8ae453f9b359c3ef2f"
  integrity sha512-2FJI7gkLqIE0iYsNQ1P751lO3hER+Umykel+TkLwHj6plzWVxqvfclPUZhcKFVQObqloEBTmpi2Ozn7EkCABAA==

"@firebase/installations@0.6.19":
  version "0.6.19"
  resolved "https://registry.yarnpkg.com/@firebase/installations/-/installations-0.6.19.tgz#93c569321f6fb399f4f1a197efc0053ce6452c7c"
  integrity sha512-nGDmiwKLI1lerhwfwSHvMR9RZuIH5/8E3kgUWnVRqqL7kGVSktjLTWEMva7oh5yxQ3zXfIlIwJwMcaM5bK5j8Q==
  dependencies:
    "@firebase/component" "0.7.0"
    "@firebase/util" "1.13.0"
    idb "7.1.1"
    tslib "^2.1.0"

"@firebase/logger@0.5.0":
  version "0.5.0"
  resolved "https://registry.yarnpkg.com/@firebase/logger/-/logger-0.5.0.tgz#a9e55b1c669a0983dc67127fa4a5964ce8ed5e1b"
  integrity sha512-cGskaAvkrnh42b3BA3doDWeBmuHFO/Mx5A83rbRDYakPjO9bJtRL3dX7javzc2Rr/JHZf4HlterTW2lUkfeN4g==
  dependencies:
    tslib "^2.1.0"

"@firebase/messaging-compat@0.2.23":
  version "0.2.23"
  resolved "https://registry.yarnpkg.com/@firebase/messaging-compat/-/messaging-compat-0.2.23.tgz#2ca6b36ea238fae4dff53bf85442c4a2af516224"
  integrity sha512-SN857v/kBUvlQ9X/UjAqBoQ2FEaL1ZozpnmL1ByTe57iXkmnVVFm9KqAsTfmf+OEwWI4kJJe9NObtN/w22lUgg==
  dependencies:
    "@firebase/component" "0.7.0"
    "@firebase/messaging" "0.12.23"
    "@firebase/util" "1.13.0"
    tslib "^2.1.0"

"@firebase/messaging-interop-types@0.2.3":
  version "0.2.3"
  resolved "https://registry.yarnpkg.com/@firebase/messaging-interop-types/-/messaging-interop-types-0.2.3.tgz#e647c9cd1beecfe6a6e82018a6eec37555e4da3e"
  integrity sha512-xfzFaJpzcmtDjycpDeCUj0Ge10ATFi/VHVIvEEjDNc3hodVBQADZ7BWQU7CuFpjSHE+eLuBI13z5F/9xOoGX8Q==

"@firebase/messaging@0.12.23":
  version "0.12.23"
  resolved "https://registry.yarnpkg.com/@firebase/messaging/-/messaging-0.12.23.tgz#71f932a521ac39d9f036175672e37897531010eb"
  integrity sha512-cfuzv47XxqW4HH/OcR5rM+AlQd1xL/VhuaeW/wzMW1LFrsFcTn0GND/hak1vkQc2th8UisBcrkVcQAnOnKwYxg==
  dependencies:
    "@firebase/component" "0.7.0"
    "@firebase/installations" "0.6.19"
    "@firebase/messaging-interop-types" "0.2.3"
    "@firebase/util" "1.13.0"
    idb "7.1.1"
    tslib "^2.1.0"

"@firebase/performance-compat@0.2.22":
  version "0.2.22"
  resolved "https://registry.yarnpkg.com/@firebase/performance-compat/-/performance-compat-0.2.22.tgz#1c24ea360b03cfef831bdf379b4fc7080f412741"
  integrity sha512-xLKxaSAl/FVi10wDX/CHIYEUP13jXUjinL+UaNXT9ByIvxII5Ne5150mx6IgM8G6Q3V+sPiw9C8/kygkyHUVxg==
  dependencies:
    "@firebase/component" "0.7.0"
    "@firebase/logger" "0.5.0"
    "@firebase/performance" "0.7.9"
    "@firebase/performance-types" "0.2.3"
    "@firebase/util" "1.13.0"
    tslib "^2.1.0"

"@firebase/performance-types@0.2.3":
  version "0.2.3"
  resolved "https://registry.yarnpkg.com/@firebase/performance-types/-/performance-types-0.2.3.tgz#5ce64e90fa20ab5561f8b62a305010cf9fab86fb"
  integrity sha512-IgkyTz6QZVPAq8GSkLYJvwSLr3LS9+V6vNPQr0x4YozZJiLF5jYixj0amDtATf1X0EtYHqoPO48a9ija8GocxQ==

"@firebase/performance@0.7.9":
  version "0.7.9"
  resolved "https://registry.yarnpkg.com/@firebase/performance/-/performance-0.7.9.tgz#7e3a072b1542f0df3f502684a38a0516b0d72cab"
  integrity sha512-UzybENl1EdM2I1sjYm74xGt/0JzRnU/0VmfMAKo2LSpHJzaj77FCLZXmYQ4oOuE+Pxtt8Wy2BVJEENiZkaZAzQ==
  dependencies:
    "@firebase/component" "0.7.0"
    "@firebase/installations" "0.6.19"
    "@firebase/logger" "0.5.0"
    "@firebase/util" "1.13.0"
    tslib "^2.1.0"
    web-vitals "^4.2.4"

"@firebase/remote-config-compat@0.2.19":
  version "0.2.19"
  resolved "https://registry.yarnpkg.com/@firebase/remote-config-compat/-/remote-config-compat-0.2.19.tgz#10cfd804f65c5ca80a4d40994bc853ca6d1f7307"
  integrity sha512-y7PZAb0l5+5oIgLJr88TNSelxuASGlXyAKj+3pUc4fDuRIdPNBoONMHaIUa9rlffBR5dErmaD2wUBJ7Z1a513Q==
  dependencies:
    "@firebase/component" "0.7.0"
    "@firebase/logger" "0.5.0"
    "@firebase/remote-config" "0.6.6"
    "@firebase/remote-config-types" "0.4.0"
    "@firebase/util" "1.13.0"
    tslib "^2.1.0"

"@firebase/remote-config-types@0.4.0":
  version "0.4.0"
  resolved "https://registry.yarnpkg.com/@firebase/remote-config-types/-/remote-config-types-0.4.0.tgz#91b9a836d5ca30ced68c1516163b281fbb544537"
  integrity sha512-7p3mRE/ldCNYt8fmWMQ/MSGRmXYlJ15Rvs9Rk17t8p0WwZDbeK7eRmoI1tvCPaDzn9Oqh+yD6Lw+sGLsLg4kKg==

"@firebase/remote-config@0.6.6":
  version "0.6.6"
  resolved "https://registry.yarnpkg.com/@firebase/remote-config/-/remote-config-0.6.6.tgz#50eae3d2d71791d76fb6521971bb646d6628805e"
  integrity sha512-Yelp5xd8hM4NO1G1SuWrIk4h5K42mNwC98eWZ9YLVu6Z0S6hFk1mxotAdCRmH2luH8FASlYgLLq6OQLZ4nbnCA==
  dependencies:
    "@firebase/component" "0.7.0"
    "@firebase/installations" "0.6.19"
    "@firebase/logger" "0.5.0"
    "@firebase/util" "1.13.0"
    tslib "^2.1.0"

"@firebase/storage-compat@0.4.0":
  version "0.4.0"
  resolved "https://registry.yarnpkg.com/@firebase/storage-compat/-/storage-compat-0.4.0.tgz#a09bd33c262123e7e3ed0cd590b4c6e2ce4a8902"
  integrity sha512-vDzhgGczr1OfcOy285YAPur5pWDEvD67w4thyeCUh6Ys0izN9fNYtA1MJERmNBfqjqu0lg0FM5GLbw0Il21M+g==
  dependencies:
    "@firebase/component" "0.7.0"
    "@firebase/storage" "0.14.0"
    "@firebase/storage-types" "0.8.3"
    "@firebase/util" "1.13.0"
    tslib "^2.1.0"

"@firebase/storage-types@0.8.3":
  version "0.8.3"
  resolved "https://registry.yarnpkg.com/@firebase/storage-types/-/storage-types-0.8.3.tgz#2531ef593a3452fc12c59117195d6485c6632d3d"
  integrity sha512-+Muk7g9uwngTpd8xn9OdF/D48uiQ7I1Fae7ULsWPuKoCH3HU7bfFPhxtJYzyhjdniowhuDpQcfPmuNRAqZEfvg==

"@firebase/storage@0.14.0":
  version "0.14.0"
  resolved "https://registry.yarnpkg.com/@firebase/storage/-/storage-0.14.0.tgz#01acb97d413ada7c91de860fb260623468baa25d"
  integrity sha512-xWWbb15o6/pWEw8H01UQ1dC5U3rf8QTAzOChYyCpafV6Xki7KVp3Yaw2nSklUwHEziSWE9KoZJS7iYeyqWnYFA==
  dependencies:
    "@firebase/component" "0.7.0"
    "@firebase/util" "1.13.0"
    tslib "^2.1.0"

"@firebase/util@1.13.0":
  version "1.13.0"
  resolved "https://registry.yarnpkg.com/@firebase/util/-/util-1.13.0.tgz#2e9e7569722a1e3fc86b1b4076d5cbfbfa7265d6"
  integrity sha512-0AZUyYUfpMNcztR5l09izHwXkZpghLgCUaAGjtMwXnCg3bj4ml5VgiwqOMOxJ+Nw4qN/zJAaOQBcJ7KGkWStqQ==
  dependencies:
    tslib "^2.1.0"

"@firebase/webchannel-wrapper@1.0.4":
  version "1.0.4"
  resolved "https://registry.yarnpkg.com/@firebase/webchannel-wrapper/-/webchannel-wrapper-1.0.4.tgz#9d5b4b6f23309260a12856cb574c5e64e6c133f7"
  integrity sha512-6m8+P+dE/RPl4OPzjTxcTbQ0rGeRyeTvAi9KwIffBVCiAMKrfXfLZaqD1F+m8t4B5/Q5aHsMozOgirkH1F5oMQ==

"@grpc/grpc-js@~1.9.0":
  version "1.9.15"
  resolved "https://registry.yarnpkg.com/@grpc/grpc-js/-/grpc-js-1.9.15.tgz#433d7ac19b1754af690ea650ab72190bd700739b"
  integrity sha512-nqE7Hc0AzI+euzUwDAy0aY5hCp10r734gMGRdU+qOPX0XSceI2ULrcXB5U2xSc5VkWwalCj4M7GzCAygZl2KoQ==
  dependencies:
    "@grpc/proto-loader" "^0.7.8"
    "@types/node" ">=12.12.47"

"@grpc/proto-loader@^0.7.8":
  version "0.7.10"
  resolved "https://registry.yarnpkg.com/@grpc/proto-loader/-/proto-loader-0.7.10.tgz#6bf26742b1b54d0a473067743da5d3189d06d720"
  integrity sha512-CAqDfoaQ8ykFd9zqBDn4k6iWT9loLAlc2ETmDFS9JCD70gDcnA4L3AFEo2iV7KyAtAAHFW9ftq1Fz+Vsgq80RQ==
  dependencies:
    lodash.camelcase "^4.3.0"
    long "^5.0.0"
    protobufjs "^7.2.4"
    yargs "^17.7.2"

"@protobufjs/aspromise@^1.1.1", "@protobufjs/aspromise@^1.1.2":
  version "1.1.2"
  resolved "https://registry.yarnpkg.com/@protobufjs/aspromise/-/aspromise-1.1.2.tgz#9b8b0cc663d669a7d8f6f5d0893a14d348f30fbf"
  integrity sha512-j+gKExEuLmKwvz3OgROXtrJ2UG2x8Ch2YZUxahh+s1F2HZ+wAceUNLkvy6zKCPVRkU++ZWQrdxsUeQXmcg4uoQ==

"@protobufjs/base64@^1.1.2":
  version "1.1.2"
  resolved "https://registry.yarnpkg.com/@protobufjs/base64/-/base64-1.1.2.tgz#4c85730e59b9a1f1f349047dbf24296034bb2735"
  integrity sha512-AZkcAA5vnN/v4PDqKyMR5lx7hZttPDgClv83E//FMNhR2TMcLUhfRUBHCmSl0oi9zMgDDqRUJkSxO3wm85+XLg==

"@protobufjs/codegen@^2.0.4":
  version "2.0.4"
  resolved "https://registry.yarnpkg.com/@protobufjs/codegen/-/codegen-2.0.4.tgz#7ef37f0d010fb028ad1ad59722e506d9262815cb"
  integrity sha512-YyFaikqM5sH0ziFZCN3xDC7zeGaB/d0IUb9CATugHWbd1FRFwWwt4ld4OYMPWu5a3Xe01mGAULCdqhMlPl29Jg==

"@protobufjs/eventemitter@^1.1.0":
  version "1.1.0"
  resolved "https://registry.yarnpkg.com/@protobufjs/eventemitter/-/eventemitter-1.1.0.tgz#355cbc98bafad5978f9ed095f397621f1d066b70"
  integrity sha512-j9ednRT81vYJ9OfVuXG6ERSTdEL1xVsNgqpkxMsbIabzSo3goCjDIveeGv5d03om39ML71RdmrGNjG5SReBP/Q==

"@protobufjs/fetch@^1.1.0":
  version "1.1.0"
  resolved "https://registry.yarnpkg.com/@protobufjs/fetch/-/fetch-1.1.0.tgz#ba99fb598614af65700c1619ff06d454b0d84c45"
  integrity sha512-lljVXpqXebpsijW71PZaCYeIcE5on1w5DlQy5WH6GLbFryLUrBD4932W/E2BSpfRJWseIL4v/KPgBFxDOIdKpQ==
  dependencies:
    "@protobufjs/aspromise" "^1.1.1"
    "@protobufjs/inquire" "^1.1.0"

"@protobufjs/float@^1.0.2":
  version "1.0.2"
  resolved "https://registry.yarnpkg.com/@protobufjs/float/-/float-1.0.2.tgz#5e9e1abdcb73fc0a7cb8b291df78c8cbd97b87d1"
  integrity sha512-Ddb+kVXlXst9d+R9PfTIxh1EdNkgoRe5tOX6t01f1lYWOvJnSPDBlG241QLzcyPdoNTsblLUdujGSE4RzrTZGQ==

"@protobufjs/inquire@^1.1.0":
  version "1.1.0"
  resolved "https://registry.yarnpkg.com/@protobufjs/inquire/-/inquire-1.1.0.tgz#ff200e3e7cf2429e2dcafc1140828e8cc638f089"
  integrity sha512-kdSefcPdruJiFMVSbn801t4vFK7KB/5gd2fYvrxhuJYg8ILrmn9SKSX2tZdV6V+ksulWqS7aXjBcRXl3wHoD9Q==

"@protobufjs/path@^1.1.2":
  version "1.1.2"
  resolved "https://registry.yarnpkg.com/@protobufjs/path/-/path-1.1.2.tgz#6cc2b20c5c9ad6ad0dccfd21ca7673d8d7fbf68d"
  integrity sha512-6JOcJ5Tm08dOHAbdR3GrvP+yUUfkjG5ePsHYczMFLq3ZmMkAD98cDgcT2iA1lJ9NVwFd4tH/iSSoe44YWkltEA==

"@protobufjs/pool@^1.1.0":
  version "1.1.0"
  resolved "https://registry.yarnpkg.com/@protobufjs/pool/-/pool-1.1.0.tgz#09fd15f2d6d3abfa9b65bc366506d6ad7846ff54"
  integrity sha512-0kELaGSIDBKvcgS4zkjz1PeddatrjYcmMWOlAuAPwAeccUrPHdUqo/J6LiymHHEiJT5NrF1UVwxY14f+fy4WQw==

"@protobufjs/utf8@^1.1.0":
  version "1.1.0"
  resolved "https://registry.yarnpkg.com/@protobufjs/utf8/-/utf8-1.1.0.tgz#a777360b5b39a1a2e5106f8e858f2fd2d060c570"
  integrity sha512-Vvn3zZrhQZkkBE8LSuW3em98c0FwgO4nxzv6OdSxPKJIEKY2bGbHn+mhGIPerzI4twdxaP8/0+06HBpwf345Lw==

"@react-native-async-storage/async-storage@1.23.1":
  version "1.23.1"
  resolved "https://registry.yarnpkg.com/@react-native-async-storage/async-storage/-/async-storage-1.23.1.tgz#cad3cd4fab7dacfe9838dce6ecb352f79150c883"
  integrity sha512-Qd2kQ3yi6Y3+AcUlrHxSLlnBvpdCEMVGFlVBneVOjaFaPU61g1huc38g339ysXspwY1QZA2aNhrk/KlHGO+ewA==
  dependencies:
    merge-options "^3.0.4"

"@react-native-firebase/app@^23.0.1":
  version "23.4.0"
  resolved "https://registry.yarnpkg.com/@react-native-firebase/app/-/app-23.4.0.tgz#e245da5d48d13cf5029df78d2bf4f3772857e17e"
  integrity sha512-HaHFrr5D2o5EAKbDOds579Vp8f6QtH3pMeteZuIj/0UaHYD2wdTutNWOsiiJ1tmNJZi7kbfgY0qL/cSgzBGZjw==
  dependencies:
    firebase "12.2.1"

"@react-native-firebase/auth@^23.0.1":
  version "23.4.0"
  resolved "https://registry.yarnpkg.com/@react-native-firebase/auth/-/auth-23.4.0.tgz#5d737807844bf1cb88e54a1a2f2b5f88c1eca6bb"
  integrity sha512-oDvNr5F9/3mAi7DiO5+9X/WSmFwtwIC4hfG+TigX65McgllUor5bRbCy+esGd6RGMm36pwglDvbCzUMMK740bw==
  dependencies:
    plist "^3.1.0"

"@react-native-firebase/firestore@^23.0.1":
  version "23.4.0"
  resolved "https://registry.yarnpkg.com/@react-native-firebase/firestore/-/firestore-23.4.0.tgz#92b8b1392e776d3ae59be5f4676b6269191c6de8"
  integrity sha512-fp+9GofSc/qb6ijEUOyAYt+fgtAc+oAGMbKMz6m3ZhPUGXiawnTziSv26j9bUmvRM3w/ZO9a+Eoe86tqZ7/GDg==
  dependencies:
    react-native-url-polyfill "2.0.0"

"@types/node@>=12.12.47", "@types/node@>=13.7.0":
  version "20.7.0"
  resolved "https://registry.yarnpkg.com/@types/node/-/node-20.7.0.tgz#c03de4572f114a940bc2ca909a33ddb2b925e470"
  integrity sha512-zI22/pJW2wUZOVyguFaUL1HABdmSVxpXrzIqkjsHmyUjNhPoWM1CKfvVuXfetHhIok4RY573cqS0mZ1SJEnoTg==

"@types/node@^17.0.8":
  version "17.0.39"
  resolved "https://registry.yarnpkg.com/@types/node/-/node-17.0.39.tgz#3652d82e2a16b4ea679d5ea3143b816c91b7e113"
  integrity sha512-JDU3YLlnPK3WDao6/DlXLOgSNpG13ct+CwIO17V8q0/9fWJyeMJJ/VyZ1lv8kDprihvZMydzVwf0tQOqGiY2Nw==

"@types/uuid@^9.0.2":
  version "9.0.2"
  resolved "https://registry.yarnpkg.com/@types/uuid/-/uuid-9.0.2.tgz#ede1d1b1e451548d44919dc226253e32a6952c4b"
  integrity sha512-kNnC1GFBLuhImSnV7w4njQkUiJi0ZXUycu1rUaouPqiKlXkh77JKgdRnTAp1x5eBwcIwbtI+3otwzuIDEuDoxQ==

"@xmldom/xmldom@^0.8.8":
  version "0.8.11"
  resolved "https://registry.yarnpkg.com/@xmldom/xmldom/-/xmldom-0.8.11.tgz#b79de2d67389734c57c52595f7a7305e30c2d608"
  integrity sha512-cQzWCtO6C8TQiYl1ruKNn2U6Ao4o4WBBcbL61yJl84x+j5sOWWFU9X7DpND8XZG3daDppSsigMdfAIl2upQBRw==

ansi-regex@^5.0.1:
  version "5.0.1"
  resolved "https://registry.yarnpkg.com/ansi-regex/-/ansi-regex-5.0.1.tgz#082cb2c89c9fe8659a311a53bd6a4dc5301db304"
  integrity sha512-quJQXlTSUGL2LH9SUXo8VwsY4soanhgo6LNSm84E1LBcE8s3O0wpdiRzyR9z/ZZJMlMWv37qOOb9pdJlMUEKFQ==

ansi-styles@^4.0.0:
  version "4.3.0"
  resolved "https://registry.yarnpkg.com/ansi-styles/-/ansi-styles-4.3.0.tgz#edd803628ae71c04c85ae7a0906edad34b648937"
  integrity sha512-zbB9rCJAT1rbjiVDb2hqKFHNYLxgtk8NURxZ3IZwD3F6NtxbXZQCnnSi1Lkx+IDohdPlFp222wVALIheZJQSEg==
  dependencies:
    color-convert "^2.0.1"

axios@^0.24.0:
  version "0.24.0"
  resolved "https://registry.yarnpkg.com/axios/-/axios-0.24.0.tgz#804e6fa1e4b9c5288501dd9dff56a7a0940d20d6"
  integrity sha512-Q6cWsys88HoPgAaFAVUb0WpPk0O8iTeisR9IMqy9G8AbO4NlpVknrnQS03zzF9PGAWgO3cgletO3VjV/P7VztA==
  dependencies:
    follow-redirects "^1.14.4"

base64-js@^1.3.1, base64-js@^1.5.1:
  version "1.5.1"
  resolved "https://registry.yarnpkg.com/base64-js/-/base64-js-1.5.1.tgz#1b1b440160a5bf7ad40b650f095963481903930a"
  integrity sha512-AKpaYlHn8t4SVbOHCy+b5+KKgvR4vrsD8vbvrbiQJps7fKDTkjkDry6ji0rUJjC0kzbNePLwzxq8iypo41qeWA==

buffer@^5.4.3:
  version "5.7.1"
  resolved "https://registry.yarnpkg.com/buffer/-/buffer-5.7.1.tgz#ba62e7c13133053582197160851a8f648e99eed0"
  integrity sha512-EHcyIPBQ4BSGlvjB16k5KgAJ27CIsHY/2JBmCRReo48y9rQ3MaUzWX3KVlBa4U7MyX02HdVj0K7C3WaB3ju7FQ==
  dependencies:
    base64-js "^1.3.1"
    ieee754 "^1.1.13"

buffer@^6.0.3:
  version "6.0.3"
  resolved "https://registry.yarnpkg.com/buffer/-/buffer-6.0.3.tgz#2ace578459cc8fbe2a70aaa8f52ee63b6a74c6c6"
  integrity sha512-FTiCpNxtwiZZHEZbcbTIcZjERVICn9yq/pDFkTl95/AxzD1naBctN7YO68riM/gLSDY7sdrMby8hofADYuuqOA==
  dependencies:
    base64-js "^1.3.1"
    ieee754 "^1.2.1"

cliui@^8.0.1:
  version "8.0.1"
  resolved "https://registry.yarnpkg.com/cliui/-/cliui-8.0.1.tgz#0c04b075db02cbfe60dc8e6cf2f5486b1a3608aa"
  integrity sha512-BSeNnyus75C4//NQ9gQt1/csTXyo/8Sb+afLAkzAptFuMsod9HFokGNudZpi/oQV73hnVK+sR+5PVRMd+Dr7YQ==
  dependencies:
    string-width "^4.2.0"
    strip-ansi "^6.0.1"
    wrap-ansi "^7.0.0"

color-convert@^2.0.1:
  version "2.0.1"
  resolved "https://registry.yarnpkg.com/color-convert/-/color-convert-2.0.1.tgz#72d3a68d598c9bdb3af2ad1e84f21d896abd4de3"
  integrity sha512-RRECPsj7iu/xb5oKYcsFHSppFNnsj/52OVTRKb4zP5onXwVF3zVmmToNcOfGC+CRDpfK/U584fMg38ZHCaElKQ==
  dependencies:
    color-name "~1.1.4"

color-name@~1.1.4:
  version "1.1.4"
  resolved "https://registry.yarnpkg.com/color-name/-/color-name-1.1.4.tgz#c2a09a87acbde69543de6f63fa3995c826c536a2"
  integrity sha512-dOy+3AuW3a2wNbZHIuMZpTcgjGuLU/uBL/ubcZF9OXbDo8ff4O8yVp5Bf0efS8uEoYo5q4Fx7dY9OgQGXgAsQA==

emoji-regex@^8.0.0:
  version "8.0.0"
  resolved "https://registry.yarnpkg.com/emoji-regex/-/emoji-regex-8.0.0.tgz#e818fd69ce5ccfcb404594f842963bf53164cc37"
  integrity sha512-MSjYzcWNOA0ewAHpz0MxpYFvwg6yjy1NG3xteoqz644VCo/RPgnr1/GGt+ic3iJTzQ8Eu3TdM14SawnVUmGE6A==

escalade@^3.1.1:
  version "3.1.1"
  resolved "https://registry.yarnpkg.com/escalade/-/escalade-3.1.1.tgz#d8cfdc7000965c5a0174b4a82eaa5c0552742e40"
  integrity sha512-k0er2gUkLf8O0zKJiAhmkTnJlTvINGv7ygDNPbeIsX/TJjGJZHuh9B2UxbsaEkmlEo9MfhrSzmhIlhRlI2GXnw==

faye-websocket@0.11.4:
  version "0.11.4"
  resolved "https://registry.yarnpkg.com/faye-websocket/-/faye-websocket-0.11.4.tgz#7f0d9275cfdd86a1c963dc8b65fcc451edcbb1da"
  integrity sha512-CzbClwlXAuiRQAlUyfqPgvPoNKTckTPGfwZV4ZdAhVcP2lh9KUxJg2b5GkE7XbjKQ3YJnQ9z6D9ntLAlB+tP8g==
  dependencies:
    websocket-driver ">=0.5.1"

firebase@12.2.1:
  version "12.2.1"
  resolved "https://registry.yarnpkg.com/firebase/-/firebase-12.2.1.tgz#617817c6b64db05f4264822f89472cadc08f8924"
  integrity sha512-UkuW2ZYaq/QuOQ24bfaqmkVqoBFhkA/ptATfPuRtc5vdm+zhwc3mfZBwFe6LqH9yrCN/6rAblgxKz2/0tDvA7w==
  dependencies:
    "@firebase/ai" "2.2.1"
    "@firebase/analytics" "0.10.18"
    "@firebase/analytics-compat" "0.2.24"
    "@firebase/app" "0.14.2"
    "@firebase/app-check" "0.11.0"
    "@firebase/app-check-compat" "0.4.0"
    "@firebase/app-compat" "0.5.2"
    "@firebase/app-types" "0.9.3"
    "@firebase/auth" "1.11.0"
    "@firebase/auth-compat" "0.6.0"
    "@firebase/data-connect" "0.3.11"
    "@firebase/database" "1.1.0"
    "@firebase/database-compat" "2.1.0"
    "@firebase/firestore" "4.9.1"
    "@firebase/firestore-compat" "0.4.1"
    "@firebase/functions" "0.13.1"
    "@firebase/functions-compat" "0.4.1"
    "@firebase/installations" "0.6.19"
    "@firebase/installations-compat" "0.2.19"
    "@firebase/messaging" "0.12.23"
    "@firebase/messaging-compat" "0.2.23"
    "@firebase/performance" "0.7.9"
    "@firebase/performance-compat" "0.2.22"
    "@firebase/remote-config" "0.6.6"
    "@firebase/remote-config-compat" "0.2.19"
    "@firebase/storage" "0.14.0"
    "@firebase/storage-compat" "0.4.0"
    "@firebase/util" "1.13.0"

follow-redirects@^1.14.4:
  version "1.15.1"
  resolved "https://registry.yarnpkg.com/follow-redirects/-/follow-redirects-1.15.1.tgz#0ca6a452306c9b276e4d3127483e29575e207ad5"
  integrity sha512-yLAMQs+k0b2m7cVxpS1VKJVvoz7SS9Td1zss3XRwXj+ZDH00RJgnuLx7E44wx02kQLrdM3aOOy+FpzS7+8OizA==

get-caller-file@^2.0.5:
  version "2.0.5"
  resolved "https://registry.yarnpkg.com/get-caller-file/-/get-caller-file-2.0.5.tgz#4f94412a82db32f36e3b0b9741f8a97feb031f7e"
  integrity sha512-DyFP3BM/3YHTQOCUL/w0OZHR0lpKeGrxotcHWcqNEdnltqFwXVfhEBQ94eIo34AfQpo0rGki4cyIiftY06h2Fg==

http-parser-js@>=0.5.1:
  version "0.5.8"
  resolved "https://registry.yarnpkg.com/http-parser-js/-/http-parser-js-0.5.8.tgz#af23090d9ac4e24573de6f6aecc9d84a48bf20e3"
  integrity sha512-SGeBX54F94Wgu5RH3X5jsDtf4eHyRogWX1XGT3b4HuW3tQPM4AaBzoUji/4AAJNXCEOWZ5O0DgZmJw1947gD5Q==

idb@7.1.1:
  version "7.1.1"
  resolved "https://registry.yarnpkg.com/idb/-/idb-7.1.1.tgz#d910ded866d32c7ced9befc5bfdf36f572ced72b"
  integrity sha512-gchesWBzyvGHRO9W8tzUWFDycow5gwjvFKfyV9FF32Y7F50yZMp7mP+T2mJIWFx49zicqyC4uefHM17o6xKIVQ==

ieee754@^1.1.13, ieee754@^1.2.1:
  version "1.2.1"
  resolved "https://registry.yarnpkg.com/ieee754/-/ieee754-1.2.1.tgz#8eb7a10a63fff25d15a57b001586d177d1b0d352"
  integrity sha512-dcyqhDvX1C46lXZcVqCpK+FtMRQVdIMN6/Df5js2zouUsqG7I6sFxitIC+7KYK29KdXOLHdu9zL4sFnoVQnqaA==

is-fullwidth-code-point@^3.0.0:
  version "3.0.0"
  resolved "https://registry.yarnpkg.com/is-fullwidth-code-point/-/is-fullwidth-code-point-3.0.0.tgz#f116f8064fe90b3f7844a38997c0b75051269f1d"
  integrity sha512-zymm5+u+sCsSWyD9qNaejV3DFvhCKclKdizYaJUuHA83RLjb7nSuGnddCHGv0hk+KY7BMAlsWeK4Ueg6EV6XQg==

is-plain-obj@^2.1.0:
  version "2.1.0"
  resolved "https://registry.yarnpkg.com/is-plain-obj/-/is-plain-obj-2.1.0.tgz#45e42e37fccf1f40da8e5f76ee21515840c09287"
  integrity sha512-YWnfyRwxL/+SsrWYfOpUtz5b3YD+nyfkHvjbcanzk8zgyO4ASD67uVMRt8k5bM4lLMDnXfriRhOpemw+NfT1eA==

jwt-decode@^3.1.2:
  version "3.1.2"
  resolved "https://registry.yarnpkg.com/jwt-decode/-/jwt-decode-3.1.2.tgz#3fb319f3675a2df0c2895c8f5e9fa4b67b04ed59"
  integrity sha512-UfpWE/VZn0iP50d8cz9NrZLM9lSWhcJ+0Gt/nm4by88UL+J1SiKN8/5dkjMmbEzwL2CAe+67GsegCbIKtbp75A==

lodash.camelcase@^4.3.0:
  version "4.3.0"
  resolved "https://registry.yarnpkg.com/lodash.camelcase/-/lodash.camelcase-4.3.0.tgz#b28aa6288a2b9fc651035c7711f65ab6190331a6"
  integrity sha512-TwuEnCnxbc3rAvhf/LbG7tJUDzhqXyFnv3dtzLOPgCG/hODL7WFnsbwktkD7yUV0RrreP/l1PALq/YSg6VvjlA==

long@^5.0.0:
  version "5.2.3"
  resolved "https://registry.yarnpkg.com/long/-/long-5.2.3.tgz#a3ba97f3877cf1d778eccbcb048525ebb77499e1"
  integrity sha512-lcHwpNoggQTObv5apGNCTdJrO69eHOZMi4BNC+rTLER8iHAqGrUVeLh/irVIM7zTw2bOXA8T6uNPeujwOLg/2Q==

merge-options@^3.0.4:
  version "3.0.4"
  resolved "https://registry.yarnpkg.com/merge-options/-/merge-options-3.0.4.tgz#84709c2aa2a4b24c1981f66c179fe5565cc6dbb7"
  integrity sha512-2Sug1+knBjkaMsMgf1ctR1Ujx+Ayku4EdJN4Z+C2+JzoeF7A3OZ9KM2GY0CpQS51NR61LTurMJrRKPhSs3ZRTQ==
  dependencies:
    is-plain-obj "^2.1.0"

plist@^3.1.0:
  version "3.1.0"
  resolved "https://registry.yarnpkg.com/plist/-/plist-3.1.0.tgz#797a516a93e62f5bde55e0b9cc9c967f860893c9"
  integrity sha512-uysumyrvkUX0rX/dEVqt8gC3sTBzd4zoWfLeS29nb53imdaXVvLINYXTI2GNqzaMuvacNx4uJQ8+b3zXR0pkgQ==
  dependencies:
    "@xmldom/xmldom" "^0.8.8"
    base64-js "^1.5.1"
    xmlbuilder "^15.1.1"

protobufjs@^7.2.4:
  version "7.2.5"
  resolved "https://registry.yarnpkg.com/protobufjs/-/protobufjs-7.2.5.tgz#45d5c57387a6d29a17aab6846dcc283f9b8e7f2d"
  integrity sha512-gGXRSXvxQ7UiPgfw8gevrfRWcTlSbOFg+p/N+JVJEK5VhueL2miT6qTymqAmjr1Q5WbOCyJbyrk6JfWKwlFn6A==
  dependencies:
    "@protobufjs/aspromise" "^1.1.2"
    "@protobufjs/base64" "^1.1.2"
    "@protobufjs/codegen" "^2.0.4"
    "@protobufjs/eventemitter" "^1.1.0"
    "@protobufjs/fetch" "^1.1.0"
    "@protobufjs/float" "^1.0.2"
    "@protobufjs/inquire" "^1.1.0"
    "@protobufjs/path" "^1.1.2"
    "@protobufjs/pool" "^1.1.0"
    "@protobufjs/utf8" "^1.1.0"
    "@types/node" ">=13.7.0"
    long "^5.0.0"

punycode@^2.1.1:
  version "2.3.1"
  resolved "https://registry.yarnpkg.com/punycode/-/punycode-2.3.1.tgz#027422e2faec0b25e1549c3e1bd8309b9133b6e5"
  integrity sha512-vYt7UD1U9Wg6138shLtLOvdAu+8DsC/ilFtEVHcH+wydcSpNE20AfSOduf6MkRFahL5FY7X1oU7nKVZFtfq8Fg==

react-native-url-polyfill@2.0.0:
  version "2.0.0"
  resolved "https://registry.yarnpkg.com/react-native-url-polyfill/-/react-native-url-polyfill-2.0.0.tgz#db714520a2985cff1d50ab2e66279b9f91ffd589"
  integrity sha512-My330Do7/DvKnEvwQc0WdcBnFPploYKp9CYlefDXzIdEaA+PAhDYllkvGeEroEzvc4Kzzj2O4yVdz8v6fjRvhA==
  dependencies:
    whatwg-url-without-unicode "8.0.0-3"

react-native-uuid@^2.0.1:
  version "2.0.1"
  resolved "https://registry.yarnpkg.com/react-native-uuid/-/react-native-uuid-2.0.1.tgz#ed4e2dfb1683eddb66967eb5dca140dfe1abddb9"
  integrity sha512-cptnoIbL53GTCrWlb/+jrDC6tvb7ypIyzbXNJcpR3Vab0mkeaaVd5qnB3f0whXYzS+SMoSQLcUUB0gEWqkPC0g==

require-directory@^2.1.1:
  version "2.1.1"
  resolved "https://registry.yarnpkg.com/require-directory/-/require-directory-2.1.1.tgz#8c64ad5fd30dab1c976e2344ffe7f792a6a6df42"
  integrity sha512-fGxEI7+wsG9xrvdjsrlmL22OMTTiHRwAMroiEeMgq8gzoLC/PQr7RsRDSTLUg/bZAZtF+TVIkHc6/4RIKrui+Q==

safe-buffer@>=5.1.0:
  version "5.2.1"
  resolved "https://registry.yarnpkg.com/safe-buffer/-/safe-buffer-5.2.1.tgz#1eaf9fa9bdb1fdd4ec75f58f9cdb4e6b7827eec6"
  integrity sha512-rp3So07KcdmmKbGvgaNxQSJr7bGVSVk5S9Eq1F+ppbRo70+YeaDxkw5Dd8NPN+GD6bjnYm2VuPuCXmpuYvmCXQ==

string-width@^4.1.0, string-width@^4.2.0, string-width@^4.2.3:
  version "4.2.3"
  resolved "https://registry.yarnpkg.com/string-width/-/string-width-4.2.3.tgz#269c7117d27b05ad2e536830a8ec895ef9c6d010"
  integrity sha512-wKyQRQpjJ0sIp62ErSZdGsjMJWsap5oRNihHhu6G7JVO/9jIB6UyevL+tXuOqrng8j/cxKTWyWUwvSTriiZz/g==
  dependencies:
    emoji-regex "^8.0.0"
    is-fullwidth-code-point "^3.0.0"
    strip-ansi "^6.0.1"

strip-ansi@^6.0.0, strip-ansi@^6.0.1:
  version "6.0.1"
  resolved "https://registry.yarnpkg.com/strip-ansi/-/strip-ansi-6.0.1.tgz#9e26c63d30f53443e9489495b2105d37b67a85d9"
  integrity sha512-Y38VPSHcqkFrCpFnQ9vuSXmquuv5oXOKpGeT6aGrr3o3Gc9AlVa6JBfUSOCnbxGGZF+/0ooI7KrPuUSztUdU5A==
  dependencies:
    ansi-regex "^5.0.1"

tslib@^2.1.0:
  version "2.6.2"
  resolved "https://registry.yarnpkg.com/tslib/-/tslib-2.6.2.tgz#703ac29425e7b37cd6fd456e92404d46d1f3e4ae"
  integrity sha512-AEYxH93jGFPn/a2iVAwW87VuUIkR1FVUKB77NwMF7nBTDkDrrT/Hpt/IrCJ0QXhW27jTBDcf5ZY7w6RiqTMw2Q==

typescript@^4.5.4:
  version "4.7.3"
  resolved "https://registry.yarnpkg.com/typescript/-/typescript-4.7.3.tgz#8364b502d5257b540f9de4c40be84c98e23a129d"
  integrity sha512-WOkT3XYvrpXx4vMMqlD+8R8R37fZkjyLGlxavMc4iB8lrl8L0DeTcHbYgw/v0N/z9wAFsgBhcsF0ruoySS22mA==

web-vitals@^4.2.4:
  version "4.2.4"
  resolved "https://registry.yarnpkg.com/web-vitals/-/web-vitals-4.2.4.tgz#1d20bc8590a37769bd0902b289550936069184b7"
  integrity sha512-r4DIlprAGwJ7YM11VZp4R884m0Vmgr6EAKe3P+kO0PPj3Unqyvv59rczf6UiGcb9Z8QxZVcqKNwv/g0WNdWwsw==

webidl-conversions@^5.0.0:
  version "5.0.0"
  resolved "https://registry.yarnpkg.com/webidl-conversions/-/webidl-conversions-5.0.0.tgz#ae59c8a00b121543a2acc65c0434f57b0fc11aff"
  integrity sha512-VlZwKPCkYKxQgeSbH5EyngOmRp7Ww7I9rQLERETtf5ofd9pGeswWiOtogpEO850jziPRarreGxn5QIiTqpb2wA==

websocket-driver@>=0.5.1:
  version "0.7.4"
  resolved "https://registry.yarnpkg.com/websocket-driver/-/websocket-driver-0.7.4.tgz#89ad5295bbf64b480abcba31e4953aca706f5760"
  integrity sha512-b17KeDIQVjvb0ssuSDF2cYXSg2iztliJ4B9WdsuB6J952qCPKmnVq4DyW5motImXHDC1cBT/1UezrJVsKw5zjg==
  dependencies:
    http-parser-js ">=0.5.1"
    safe-buffer ">=5.1.0"
    websocket-extensions ">=0.1.1"

websocket-extensions@>=0.1.1:
  version "0.1.4"
  resolved "https://registry.yarnpkg.com/websocket-extensions/-/websocket-extensions-0.1.4.tgz#7f8473bc839dfd87608adb95d7eb075211578a42"
  integrity sha512-OqedPIGOfsDlo31UNwYbCFMSaO9m9G/0faIHj5/dZFDMFqPTcx6UwqyOy3COEaEOg/9VsGIpdqn62W5KhoKSpg==

whatwg-url-without-unicode@8.0.0-3:
  version "8.0.0-3"
  resolved "https://registry.yarnpkg.com/whatwg-url-without-unicode/-/whatwg-url-without-unicode-8.0.0-3.tgz#ab6df4bf6caaa6c85a59f6e82c026151d4bb376b"
  integrity sha512-HoKuzZrUlgpz35YO27XgD28uh/WJH4B0+3ttFqRo//lmq+9T/mIOJ6kqmINI9HpUpz1imRC/nR/lxKpJiv0uig==
  dependencies:
    buffer "^5.4.3"
    punycode "^2.1.1"
    webidl-conversions "^5.0.0"

wrap-ansi@^7.0.0:
  version "7.0.0"
  resolved "https://registry.yarnpkg.com/wrap-ansi/-/wrap-ansi-7.0.0.tgz#67e145cff510a6a6984bdf1152911d69d2eb9e43"
  integrity sha512-YVGIj2kamLSTxw6NsZjoBxfSwsn0ycdesmc4p+Q21c5zPuZ1pl+NfxVdxPtdHvmNVOQ6XSYG4AUtyt/Fi7D16Q==
  dependencies:
    ansi-styles "^4.0.0"
    string-width "^4.1.0"
    strip-ansi "^6.0.0"

xmlbuilder@^15.1.1:
  version "15.1.1"
  resolved "https://registry.yarnpkg.com/xmlbuilder/-/xmlbuilder-15.1.1.tgz#9dcdce49eea66d8d10b42cae94a79c3c8d0c2ec5"
  integrity sha512-yMqGBqtXyeN1e3TGYvgNgDVZ3j84W4cwkOXQswghol6APgZWaff9lnbvN7MHYJOiXsvGPXtjTYJEiC9J2wv9Eg==

y18n@^5.0.5:
  version "5.0.8"
  resolved "https://registry.yarnpkg.com/y18n/-/y18n-5.0.8.tgz#7f4934d0f7ca8c56f95314939ddcd2dd91ce1d55"
  integrity sha512-0pfFzegeDWJHJIAmTLRP2DwHjdF5s7jo9tuztdQxAhINCdvS+3nGINqPd00AphqJR/0LhANUS6/+7SCb98YOfA==

yargs-parser@^21.1.1:
  version "21.1.1"
  resolved "https://registry.yarnpkg.com/yargs-parser/-/yargs-parser-21.1.1.tgz#9096bceebf990d21bb31fa9516e0ede294a77d35"
  integrity sha512-tVpsJW7DdjecAiFpbIB1e3qxIQsE6NoPc5/eTdrbbIC4h0LVsWhnoa3g+m2HclBIujHzsxZ4VJVA+GUuc2/LBw==

yargs@^17.7.2:
  version "17.7.2"
  resolved "https://registry.yarnpkg.com/yargs/-/yargs-17.7.2.tgz#991df39aca675a192b816e1e0363f9d75d2aa269"
  integrity sha512-7dSzzRQ++CKnNI/krKnYRV7JKKPUXMEh61soaHKg9mrWEhzFWhFnxPxGl+69cD1Ou63C13NUPCnmIcrvqCuM6w==
  dependencies:
    cliui "^8.0.1"
    escalade "^3.1.1"
    get-caller-file "^2.0.5"
    require-directory "^2.1.1"
    string-width "^4.2.3"
    y18n "^5.0.5"
    yargs-parser "^21.1.1"
